version = 1
revision = 1
requires-python = ">=3.13"

[[package]]
name = "bdo-housecraft"
version = "0.1.0"
source = { virtual = "." }
dependencies = [
    { name = "compact-json" },
    { name = "highspy" },
    { name = "inflection" },
    { name = "kaitaistruct" },
    { name = "natsort" },
]

[package.metadata]
requires-dist = [
    { name = "compact-json", specifier = ">=1.8.2" },
    { name = "highspy", specifier = ">=1.13.1" },
    { name = "inflection", specifier = ">=0.5.1" },
    { name = "kaitaistruct", specifier = ">=0.11" },
    { name = "natsort", specifier = ">=8.4.0" },
]

[[package]]
name = "compact-json"
version = "1.8.2"
source = { registry = "https://pypi.org/simple" }
dependencies = [
    { name = "importlib-resources" },
    { name = "setuptools" },
    { name = "wcwidth" },
]
sdist = { url = "https://files.pythonhosted.org/packages/48/2f/f618cff3aa844ad64660931388e993a3c20d6f30b67fbb436b6af3aff182/compact_json-1.8.2.tar.gz", hash = "sha256:dc200148695be04b91ac45cd3cda531aa017fb25609b66b9961a008db25eae77", size = 17821 }
wheels = [
    { url = "https://files.pythonhosted.org/packages/4a/40/3f88e56029542a13d8b46f464780255d9fe789923cea19698ca383124e0f/compact_json-1.8.2-py3-none-any.whl", hash = "sha256:b894ab1519e6fe7813351fa96962449f821051b8b5178c609bdda2eabd07abb0", size = 17047 },
]

[[package]]
name = "highspy"
version = "1.13.1"
source = { registry = "https://pypi.org/simple" }
dependencies = [
    { name = "numpy" },
]
sdist = { url = "https://files.pythonhosted.org/packages/f3/17/74553587944f514142618c6d1b76551acf09fb0dd48abe9f4c37fb7d2bb8/highspy-1.13.1.tar.gz", hash = "sha256:7888873501c6ca3e0fa19fee960c8b3cb1c64132c5a9b514903cc7e259b5b0c7", size = 1597930 }
wheels = [
    { url = "https://files.pythonhosted.org/packages/86/4b/77e7f6b936dc130eb4dc78e64bb75d15940232027f519a7bb6564c91153b/highspy-1.13.1-cp313-cp313-macosx_10_13_x86_64.whl", hash = "sha256:0a255204f4ec79f5e447765d745e41bf3115a6c196ecfab5ed636d1ff53c0401", size = 2240587 },
    { url = "https://files.pythonhosted.org/packages/6a/5c/8a57a0f2d18bd9fb88f64c87c11882defe90832361ecd4f612b36d1c5f05/highspy-1.13.1-cp313-cp313-macosx_11_0_arm64.whl", hash = "sha256:cbb7509b5606a1ac7bc1fff794cebeb668f43531678f898803c12cbb694bea61", size = 2052178 },
    { url = "https://files.pythonhosted.org/packages/5d/d8/fec866c1a48e98897f6348a303fa565dc00fd29e5fb90e6befe1e1ead12b/highspy-1.13.1-cp313-cp313-manylinux_2_24_aarch64.manylinux_2_28_aarch64.whl", hash = "sha256:e2e572c9ec5eb0fd5d178690981116413f277cb59d150bf271d927161335df23", size = 2321460 },
    { url = "https://files.pythonhosted.org/packages/24/6f/3bfec9e2a0ff3adc20d3ae071572ae473f810c35e04a7455abf278623932/highspy-1.13.1-cp313-cp313-manylinux_2_24_x86_64.manylinux_2_28_x86_64.whl", hash = "sha256:e577ff0fdeccc7e207be8577dd8b223816d024c40c1b7af4afb6e96818f4544b", size = 2525308 },
    { url = "https://files.pythonhosted.org/packages/33/7b/b21a2dffca27742a50c48e88b3c850b1a212506543ec7b38a5f843a689e0/highspy-1.13.1-cp313-cp313-manylinux_2_26_i686.manylinux_2_28_i686.whl", hash = "sha256:dc8677bb6da2216fd72110d95d904022bf3150832441eb08562bdb8d2c5aeb6c", size = 2696881 },
    { url = "https://files.pythonhosted.org/packages/ea/cc/793b6819c1a8d360b8a536f62526d3bb54a3ba8deaf3b0ba7d4076e56da3/highspy-1.13.1-cp313-cp313-musllinux_1_2_aarch64.whl", hash = "sha256:3ec5adcef1028b40ae6d76d03c24b512c5f33849c5e09b70c15734b0e48c68ca", size = 3382687 },
    { url = "https://files.pythonhosted.org/packages/18/13/20bbbf7a20779d799565ab4ce9c9f80ad39eeeb069b2a91e1fd5dece3109/highspy-1.13.1-cp313-cp313-musllinux_1_2_i686.whl", hash = "sha256:1a435dd11fcefab2e9e0ad90d75a459a656b177ef3d1173b31db889808580e92", size = 3943115 },
    { url = "https://files.pythonhosted.org/packages/02/df/1c37558d33e52376822136c3288b65d74cb0482da841904dc5ec89540dc4/highspy-1.13.1-cp313-cp313-musllinux_1_2_x86_64.whl", hash = "sha256:0f473e94b19c186fda0abed1e31d3682ac4a9109930e77a1901c63f1b3d7d772", size = 3610136 },
    { url = "https://files.pythonhosted.org/packages/27/e3/094bae0233275f5d293c40598a97a7ec8b0dee61572d5c2086aec8e35056/highspy-1.13.1-cp313-cp313-win32.whl", hash = "sha256:1464ed94e467de3cc20fdf3779609dd13aa91db8d11305b1d8f6a029ae129f33", size = 1888446 },
    { url = "https://files.pythonhosted.org/packages/e2/15/d9be1b1f22ecafedddbf504b3c63b7e4a17a710e3b45f615be1869160938/highspy-1.13.1-cp313-cp313-win_amd64.whl", hash = "sha256:620fad11a92517d525300ad70f27f84f41e8c0af10ece5ae5537f2be13ae0970", size = 2231418 },
    { url = "https://files.pythonhosted.org/packages/92/70/22dc5ae52b9a4a13658a3a9c3b9909ae9aecaee4f579c1996096f8f19a75/highspy-1.13.1-cp314-cp314-macosx_10_15_x86_64.whl", hash = "sha256:0868538ce474be93219013fa242fe3ddf0859562e3b354b50786da03c96b941a", size = 2240675 },
    { url = "https://files.pythonhosted.org/packages/b3/1a/426dddf9a838a54d09d6658b97bd843e41e1db4e21c5d6839b17578d672f/highspy-1.13.1-cp314-cp314-macosx_11_0_arm64.whl", hash = "sha256:d3f38a68783d690a4fe14521fbad18cbeae6121e1785f1dbdf5c045bcb35a926", size = 2050718 },
    { url = "https://files.pythonhosted.org/packages/50/4b/a33a1bc2a7d40247bd0921fabdafa06b8af196c2ab01418eabf305d179c6/highspy-1.13.1-cp314-cp314-manylinux_2_24_aarch64.manylinux_2_28_aarch64.whl", hash = "sha256:edf109c83d1488e0305f8fce88b9a3fc4fa7655b0b72c6cdb4437bad2a4a7fc0", size = 2322273 },
    { url = "https://files.pythonhosted.org/packages/75/68/8d197789a73714ae81fc0923f0bdc415eae9dff1fa2d65a999a329a5de72/highspy-1.13.1-cp314-cp314-manylinux_2_24_x86_64.manylinux_2_28_x86_64.whl", hash = "sha256:56cb459c01696c83d2d65057e03df2cb809fb9cc9357f91d30b1af192765d809", size = 2529809 },
    { url = "https://files.pythonhosted.org/packages/07/77/ed99d26ec450676b764eae89247e1ef5b194ecf5f0979ca6101f04573d0b/highspy-1.13.1-cp314-cp314-manylinux_2_26_i686.manylinux_2_28_i686.whl", hash = "sha256:aada6027a92401967476b93ce10f13c0d7c45aedfb322c8049b5d2672fbce5a8", size = 2694699 },
    { url = "https://files.pythonhosted.org/packages/54/b9/b51d716f2fea045f2de6cfae29b9e3bdf7d095668e565e2be3fccdf0d281/highspy-1.13.1-cp314-cp314-musllinux_1_2_aarch64.whl", hash = "sha256:d2072f3a303b9ac988e9e37b5d7942cbba8c9fce7a323357122429c1a85c344b", size = 3383641 },
    { url = "https://files.pythonhosted.org/packages/ab/22/3dc1fc494c190ad5e6e0dad9758c915cdf4df0bdfdd19d7d12ac975e9833/highspy-1.13.1-cp314-cp314-musllinux_1_2_i686.whl", hash = "sha256:755d924e7650703e217debd69f566da078cdf7f9bd957ccd88c3be134c63c8f5", size = 3943007 },
    { url = "https://files.pythonhosted.org/packages/79/20/e084a47336416ed02efd64e6a68b41c3ad3867a38c460dd9a1d14837f366/highspy-1.13.1-cp314-cp314-musllinux_1_2_x86_64.whl", hash = "sha256:516c5b5a7d01d7c073206f787316c60f4800994cf3a947031f336e737177f6cc", size = 3613402 },
    { url = "https://files.pythonhosted.org/packages/ea/66/e72cc05b0fc8b31b7d2992fbf386e54cd217bc2a6c202fec97a37d2fb97f/highspy-1.13.1-cp314-cp314-win32.whl", hash = "sha256:4cfff7f50615a588a760b33cd2dd37761679b400196213015230db1cd6c46232", size = 1930483 },
    { url = "https://files.pythonhosted.org/packages/30/6c/7abf63f02302d64934d9decd04939334db1938917f552059570ea27b41b3/highspy-1.13.1-cp314-cp314-win_amd64.whl", hash = "sha256:242d00f46b09c9d6f077881739d7487030a9ed2c56bcd28f3e8d5942da407df4", size = 2313528 },
]

[[package]]
name = "importlib-resources"
version = "6.5.2"
source = { registry = "https://pypi.org/simple" }
sdist = { url = "https://files.pythonhosted.org/packages/cf/8c/f834fbf984f691b4f7ff60f50b514cc3de5cc08abfc3295564dd89c5e2e7/importlib_resources-6.5.2.tar.gz", hash = "sha256:185f87adef5bcc288449d98fb4fba07cea78bc036455dd44c5fc4a2fe78fed2c", size = 44693 }
wheels = [
    { url = "https://files.pythonhosted.org/packages/a4/ed/1f1afb2e9e7f38a545d628f864d562a5ae64fe6f7a10e28ffb9b185b4e89/importlib_resources-6.5.2-py3-none-any.whl", hash = "sha256:789cfdc3ed28c78b67a06acb8126751ced69a3d5f79c095a98298cd8a760ccec", size = 37461 },
]

[[package]]
name = "inflection"
version = "0.5.1"
source = { registry = "https://pypi.org/simple" }
sdist = { url = "https://files.pythonhosted.org/packages/e1/7e/691d061b7329bc8d54edbf0ec22fbfb2afe61facb681f9aaa9bff7a27d04/inflection-0.5.1.tar.gz", hash = "sha256:1a29730d366e996aaacffb2f1f1cb9593dc38e2ddd30c91250c6dde09ea9b417", size = 15091 }
wheels = [
    { url = "https://files.pythonhosted.org/packages/59/91/aa6bde563e0085a02a435aa99b49ef75b0a4b062635e606dab23ce18d720/inflection-0.5.1-py2.py3-none-any.whl", hash = "sha256:f38b2b640938a4f35ade69ac3d053042959b62a0f1076a5bbaa1b9526605a8a2", size = 9454 },
]

[[package]]
name = "kaitaistruct"
version = "0.11"
source = { registry = "https://pypi.org/simple" }
sdist = { url = "https://files.pythonhosted.org/packages/27/b8/ca7319556912f68832daa4b81425314857ec08dfccd8dbc8c0f65c992108/kaitaistruct-0.11.tar.gz", hash = "sha256:053ee764288e78b8e53acf748e9733268acbd579b8d82a427b1805453625d74b", size = 11519 }
wheels = [
    { url = "https://files.pythonhosted.org/packages/4a/4a/cf14bf3b1f5ffb13c69cf5f0ea78031247790558ee88984a8bdd22fae60d/kaitaistruct-0.11-py2.py3-none-any.whl", hash = "sha256:5c6ce79177b4e193a577ecd359e26516d1d6d000a0bffd6e1010f2a46a62a561", size = 11372 },
]

[[package]]
name = "natsort"
version = "8.4.0"
source = { registry = "https://pypi.org/simple" }
sdist = { url = "https://files.pythonhosted.org/packages/e2/a9/a0c57aee75f77794adaf35322f8b6404cbd0f89ad45c87197a937764b7d0/natsort-8.4.0.tar.gz", hash = "sha256:45312c4a0e5507593da193dedd04abb1469253b601ecaf63445ad80f0a1ea581", size = 76575 }
wheels = [
    { url = "https://files.pythonhosted.org/packages/ef/82/7a9d0550484a62c6da82858ee9419f3dd1ccc9aa1c26a1e43da3ecd20b0d/natsort-8.4.0-py3-none-any.whl", hash = "sha256:4732914fb471f56b5cce04d7bae6f164a592c7712e1c85f9ef585e197299521c", size = 38268 },
]

[[package]]
name = "numpy"
version = "2.4.3"
source = { registry = "https://pypi.org/simple" }
sdist = { url = "https://files.pythonhosted.org/packages/10/8b/c265f4823726ab832de836cdd184d0986dcf94480f81e8739692a7ac7af2/numpy-2.4.3.tar.gz", hash = "sha256:483a201202b73495f00dbc83796c6ae63137a9bdade074f7648b3e32613412dd", size = 20727743 }
wheels = [
    { url = "https://files.pythonhosted.org/packages/b6/d0/1fe47a98ce0df229238b77611340aff92d52691bcbc10583303181abf7fc/numpy-2.4.3-cp313-cp313-macosx_10_13_x86_64.whl", hash = "sha256:b346845443716c8e542d54112966383b448f4a3ba5c66409771b8c0889485dd3", size = 16665297 },
    { url = "https://files.pythonhosted.org/packages/27/d9/4e7c3f0e68dfa91f21c6fb6cf839bc829ec920688b1ce7ec722b1a6202fb/numpy-2.4.3-cp313-cp313-macosx_11_0_arm64.whl", hash = "sha256:2629289168f4897a3c4e23dc98d6f1731f0fc0fe52fb9db19f974041e4cc12b9", size = 14691853 },
    { url = "https://files.pythonhosted.org/packages/3a/66/bd096b13a87549683812b53ab211e6d413497f84e794fb3c39191948da97/numpy-2.4.3-cp313-cp313-macosx_14_0_arm64.whl", hash = "sha256:bb2e3cf95854233799013779216c57e153c1ee67a0bf92138acca0e429aefaee", size = 5198435 },
    { url = "https://files.pythonhosted.org/packages/a2/2f/687722910b5a5601de2135c891108f51dfc873d8e43c8ed9f4ebb440b4a2/numpy-2.4.3-cp313-cp313-macosx_14_0_x86_64.whl", hash = "sha256:7f3408ff897f8ab07a07fbe2823d7aee6ff644c097cc1f90382511fe982f647f", size = 6546347 },
    { url = "https://files.pythonhosted.org/packages/bf/ec/7971c4e98d86c564750393fab8d7d83d0a9432a9d78bb8a163a6dc59967a/numpy-2.4.3-cp313-cp313-manylinux_2_27_aarch64.manylinux_2_28_aarch64.whl", hash = "sha256:decb0eb8a53c3b009b0962378065589685d66b23467ef5dac16cbe818afde27f", size = 15664626 },
    { url = "https://files.pythonhosted.org/packages/7e/eb/7daecbea84ec935b7fc732e18f532073064a3816f0932a40a17f3349185f/numpy-2.4.3-cp313-cp313-manylinux_2_27_x86_64.manylinux_2_28_x86_64.whl", hash = "sha256:d5f51900414fc9204a0e0da158ba2ac52b75656e7dce7e77fb9f84bfa343b4cc", size = 16608916 },
    { url = "https://files.pythonhosted.org/packages/df/58/2a2b4a817ffd7472dca4421d9f0776898b364154e30c95f42195041dc03b/numpy-2.4.3-cp313-cp313-musllinux_1_2_aarch64.whl", hash = "sha256:6bd06731541f89cdc01b261ba2c9e037f1543df7472517836b78dfb15bd6e476", size = 17015824 },
    { url = "https://files.pythonhosted.org/packages/4a/ca/627a828d44e78a418c55f82dd4caea8ea4a8ef24e5144d9e71016e52fb40/numpy-2.4.3-cp313-cp313-musllinux_1_2_x86_64.whl", hash = "sha256:22654fe6be0e5206f553a9250762c653d3698e46686eee53b399ab90da59bd92", size = 18334581 },
    { url = "https://files.pythonhosted.org/packages/cd/c0/76f93962fc79955fcba30a429b62304332345f22d4daec1cb33653425643/numpy-2.4.3-cp313-cp313-win32.whl", hash = "sha256:d71e379452a2f670ccb689ec801b1218cd3983e253105d6e83780967e899d687", size = 5958618 },
    { url = "https://files.pythonhosted.org/packages/b1/3c/88af0040119209b9b5cb59485fa48b76f372c73068dbf9254784b975ac53/numpy-2.4.3-cp313-cp313-win_amd64.whl", hash = "sha256:0a60e17a14d640f49146cb38e3f105f571318db7826d9b6fef7e4dce758faecd", size = 12312824 },
    { url = "https://files.pythonhosted.org/packages/58/ce/3d07743aced3d173f877c3ef6a454c2174ba42b584ab0b7e6d99374f51ed/numpy-2.4.3-cp313-cp313-win_arm64.whl", hash = "sha256:c9619741e9da2059cd9c3f206110b97583c7152c1dc9f8aafd4beb450ac1c89d", size = 10221218 },
    { url = "https://files.pythonhosted.org/packages/62/09/d96b02a91d09e9d97862f4fc8bfebf5400f567d8eb1fe4b0cc4795679c15/numpy-2.4.3-cp313-cp313t-macosx_11_0_arm64.whl", hash = "sha256:7aa4e54f6469300ebca1d9eb80acd5253cdfa36f2c03d79a35883687da430875", size = 14819570 },
    { url = "https://files.pythonhosted.org/packages/b5/ca/0b1aba3905fdfa3373d523b2b15b19029f4f3031c87f4066bd9d20ef6c6b/numpy-2.4.3-cp313-cp313t-macosx_14_0_arm64.whl", hash = "sha256:d1b90d840b25874cf5cd20c219af10bac3667db3876d9a495609273ebe679070", size = 5326113 },
    { url = "https://files.pythonhosted.org/packages/c0/63/406e0fd32fcaeb94180fd6a4c41e55736d676c54346b7efbce548b94a914/numpy-2.4.3-cp313-cp313t-macosx_14_0_x86_64.whl", hash = "sha256:a749547700de0a20a6718293396ec237bb38218049cfce788e08fcb716e8cf73", size = 6646370 },
    { url = "https://files.pythonhosted.org/packages/b6/d0/10f7dc157d4b37af92720a196be6f54f889e90dcd30dce9dc657ed92c257/numpy-2.4.3-cp313-cp313t-manylinux_2_27_aarch64.manylinux_2_28_aarch64.whl", hash = "sha256:94f3c4a151a2e529adf49c1d54f0f57ff8f9b233ee4d44af623a81553ab86368", size = 15723499 },
    { url = "https://files.pythonhosted.org/packages/66/f1/d1c2bf1161396629701bc284d958dc1efa3a5a542aab83cf11ee6eb4cba5/numpy-2.4.3-cp313-cp313t-manylinux_2_27_x86_64.manylinux_2_28_x86_64.whl", hash = "sha256:22c31dc07025123aedf7f2db9e91783df13f1776dc52c6b22c620870dc0fab22", size = 16657164 },
    { url = "https://files.pythonhosted.org/packages/1a/be/cca19230b740af199ac47331a21c71e7a3d0ba59661350483c1600d28c37/numpy-2.4.3-cp313-cp313t-musllinux_1_2_aarch64.whl", hash = "sha256:148d59127ac95979d6f07e4d460f934ebdd6eed641db9c0db6c73026f2b2101a", size = 17081544 },
    { url = "https://files.pythonhosted.org/packages/b9/c5/9602b0cbb703a0936fb40f8a95407e8171935b15846de2f0776e08af04c7/numpy-2.4.3-cp313-cp313t-musllinux_1_2_x86_64.whl", hash = "sha256:a97cbf7e905c435865c2d939af3d93f99d18eaaa3cabe4256f4304fb51604349", size = 18380290 },
    { url = "https://files.pythonhosted.org/packages/ed/81/9f24708953cd30be9ee36ec4778f4b112b45165812f2ada4cc5ea1c1f254/numpy-2.4.3-cp313-cp313t-win32.whl", hash = "sha256:be3b8487d725a77acccc9924f65fd8bce9af7fac8c9820df1049424a2115af6c", size = 6082814 },
    { url = "https://files.pythonhosted.org/packages/e2/9e/52f6eaa13e1a799f0ab79066c17f7016a4a8ae0c1aefa58c82b4dab690b4/numpy-2.4.3-cp313-cp313t-win_amd64.whl", hash = "sha256:1ec84fd7c8e652b0f4aaaf2e6e9cc8eaa9b1b80a537e06b2e3a2fb176eedcb26", size = 12452673 },
    { url = "https://files.pythonhosted.org/packages/c4/04/b8cece6ead0b30c9fbd99bb835ad7ea0112ac5f39f069788c5558e3b1ab2/numpy-2.4.3-cp313-cp313t-win_arm64.whl", hash = "sha256:120df8c0a81ebbf5b9020c91439fccd85f5e018a927a39f624845be194a2be02", size = 10290907 },
    { url = "https://files.pythonhosted.org/packages/70/ae/3936f79adebf8caf81bd7a599b90a561334a658be4dcc7b6329ebf4ee8de/numpy-2.4.3-cp314-cp314-macosx_10_15_x86_64.whl", hash = "sha256:5884ce5c7acfae1e4e1b6fde43797d10aa506074d25b531b4f54bde33c0c31d4", size = 16664563 },
    { url = "https://files.pythonhosted.org/packages/9b/62/760f2b55866b496bb1fa7da2a6db076bef908110e568b02fcfc1422e2a3a/numpy-2.4.3-cp314-cp314-macosx_11_0_arm64.whl", hash = "sha256:297837823f5bc572c5f9379b0c9f3a3365f08492cbdc33bcc3af174372ebb168", size = 14702161 },
    { url = "https://files.pythonhosted.org/packages/32/af/a7a39464e2c0a21526fb4fb76e346fb172ebc92f6d1c7a07c2c139cc17b1/numpy-2.4.3-cp314-cp314-macosx_14_0_arm64.whl", hash = "sha256:a111698b4a3f8dcbe54c64a7708f049355abd603e619013c346553c1fd4ca90b", size = 5208738 },
    { url = "https://files.pythonhosted.org/packages/29/8c/2a0cf86a59558fa078d83805589c2de490f29ed4fb336c14313a161d358a/numpy-2.4.3-cp314-cp314-macosx_14_0_x86_64.whl", hash = "sha256:4bd4741a6a676770e0e97fe9ab2e51de01183df3dcbcec591d26d331a40de950", size = 6543618 },
    { url = "https://files.pythonhosted.org/packages/aa/b8/612ce010c0728b1c363fa4ea3aa4c22fe1c5da1de008486f8c2f5cb92fae/numpy-2.4.3-cp314-cp314-manylinux_2_27_aarch64.manylinux_2_28_aarch64.whl", hash = "sha256:54f29b877279d51e210e0c80709ee14ccbbad647810e8f3d375561c45ef613dd", size = 15680676 },
    { url = "https://files.pythonhosted.org/packages/a9/7e/4f120ecc54ba26ddf3dc348eeb9eb063f421de65c05fc961941798feea18/numpy-2.4.3-cp314-cp314-manylinux_2_27_x86_64.manylinux_2_28_x86_64.whl", hash = "sha256:679f2a834bae9020f81534671c56fd0cc76dd7e5182f57131478e23d0dc59e24", size = 16613492 },
    { url = "https://files.pythonhosted.org/packages/2c/86/1b6020db73be330c4b45d5c6ee4295d59cfeef0e3ea323959d053e5a6909/numpy-2.4.3-cp314-cp314-musllinux_1_2_aarch64.whl", hash = "sha256:d84f0f881cb2225c2dfd7f78a10a5645d487a496c6668d6cc39f0f114164f3d0", size = 17031789 },
    { url = "https://files.pythonhosted.org/packages/07/3a/3b90463bf41ebc21d1b7e06079f03070334374208c0f9a1f05e4ae8455e7/numpy-2.4.3-cp314-cp314-musllinux_1_2_x86_64.whl", hash = "sha256:d213c7e6e8d211888cc359bab7199670a00f5b82c0978b9d1c75baf1eddbeac0", size = 18339941 },
    { url = "https://files.pythonhosted.org/packages/a8/74/6d736c4cd962259fd8bae9be27363eb4883a2f9069763747347544c2a487/numpy-2.4.3-cp314-cp314-win32.whl", hash = "sha256:52077feedeff7c76ed7c9f1a0428558e50825347b7545bbb8523da2cd55c547a", size = 6007503 },
    { url = "https://files.pythonhosted.org/packages/48/39/c56ef87af669364356bb011922ef0734fc49dad51964568634c72a009488/numpy-2.4.3-cp314-cp314-win_amd64.whl", hash = "sha256:0448e7f9caefb34b4b7dd2b77f21e8906e5d6f0365ad525f9f4f530b13df2afc", size = 12444915 },
    { url = "https://files.pythonhosted.org/packages/9d/1f/ab8528e38d295fd349310807496fabb7cf9fe2e1f70b97bc20a483ea9d4a/numpy-2.4.3-cp314-cp314-win_arm64.whl", hash = "sha256:b44fd60341c4d9783039598efadd03617fa28d041fc37d22b62d08f2027fa0e7", size = 10494875 },
    { url = "https://files.pythonhosted.org/packages/e6/ef/b7c35e4d5ef141b836658ab21a66d1a573e15b335b1d111d31f26c8ef80f/numpy-2.4.3-cp314-cp314t-macosx_11_0_arm64.whl", hash = "sha256:0a195f4216be9305a73c0e91c9b026a35f2161237cf1c6de9b681637772ea657", size = 14822225 },
    { url = "https://files.pythonhosted.org/packages/cd/8d/7730fa9278cf6648639946cc816e7cc89f0d891602584697923375f801ed/numpy-2.4.3-cp314-cp314t-macosx_14_0_arm64.whl", hash = "sha256:cd32fbacb9fd1bf041bf8e89e4576b6f00b895f06d00914820ae06a616bdfef7", size = 5328769 },
    { url = "https://files.pythonhosted.org/packages/47/01/d2a137317c958b074d338807c1b6a383406cdf8b8e53b075d804cc3d211d/numpy-2.4.3-cp314-cp314t-macosx_14_0_x86_64.whl", hash = "sha256:2e03c05abaee1f672e9d67bc858f300b5ccba1c21397211e8d77d98350972093", size = 6649461 },
    { url = "https://files.pythonhosted.org/packages/5c/34/812ce12bc0f00272a4b0ec0d713cd237cb390666eb6206323d1cc9cedbb2/numpy-2.4.3-cp314-cp314t-manylinux_2_27_aarch64.manylinux_2_28_aarch64.whl", hash = "sha256:7d1ce23cce91fcea443320a9d0ece9b9305d4368875bab09538f7a5b4131938a", size = 15725809 },
    { url = "https://files.pythonhosted.org/packages/25/c0/2aed473a4823e905e765fee3dc2cbf504bd3e68ccb1150fbdabd5c39f527/numpy-2.4.3-cp314-cp314t-manylinux_2_27_x86_64.manylinux_2_28_x86_64.whl", hash = "sha256:c59020932feb24ed49ffd03704fbab89f22aa9c0d4b180ff45542fe8918f5611", size = 16655242 },
    { url = "https://files.pythonhosted.org/packages/f2/c8/7e052b2fc87aa0e86de23f20e2c42bd261c624748aa8efd2c78f7bb8d8c6/numpy-2.4.3-cp314-cp314t-musllinux_1_2_aarch64.whl", hash = "sha256:9684823a78a6cd6ad7511fc5e25b07947d1d5b5e2812c93fe99d7d4195130720", size = 17080660 },
    { url = "https://files.pythonhosted.org/packages/f3/3d/0876746044db2adcb11549f214d104f2e1be00f07a67edbb4e2812094847/numpy-2.4.3-cp314-cp314t-musllinux_1_2_x86_64.whl", hash = "sha256:0200b25c687033316fb39f0ff4e3e690e8957a2c3c8d22499891ec58c37a3eb5", size = 18380384 },
    { url = "https://files.pythonhosted.org/packages/07/12/8160bea39da3335737b10308df4f484235fd297f556745f13092aa039d3b/numpy-2.4.3-cp314-cp314t-win32.whl", hash = "sha256:5e10da9e93247e554bb1d22f8edc51847ddd7dde52d85ce31024c1b4312bfba0", size = 6154547 },
    { url = "https://files.pythonhosted.org/packages/42/f3/76534f61f80d74cc9cdf2e570d3d4eeb92c2280a27c39b0aaf471eda7b48/numpy-2.4.3-cp314-cp314t-win_amd64.whl", hash = "sha256:45f003dbdffb997a03da2d1d0cb41fbd24a87507fb41605c0420a3db5bd4667b", size = 12633645 },
    { url = "https://files.pythonhosted.org/packages/1f/b6/7c0d4334c15983cec7f92a69e8ce9b1e6f31857e5ee3a413ac424e6bd63d/numpy-2.4.3-cp314-cp314t-win_arm64.whl", hash = "sha256:4d382735cecd7bcf090172489a525cd7d4087bc331f7df9f60ddc9a296cf208e", size = 10565454 },
]

[[package]]
name = "setuptools"
version = "82.0.1"
source = { registry = "https://pypi.org/simple" }
sdist = { url = "https://files.pythonhosted.org/packages/4f/db/cfac1baf10650ab4d1c111714410d2fbb77ac5a616db26775db562c8fab2/setuptools-82.0.1.tar.gz", hash = "sha256:7d872682c5d01cfde07da7bccc7b65469d3dca203318515ada1de5eda35efbf9", size = 1152316 }
wheels = [
    { url = "https://files.pythonhosted.org/packages/9d/76/f789f7a86709c6b087c5a2f52f911838cad707cc613162401badc665acfe/setuptools-82.0.1-py3-none-any.whl", hash = "sha256:a59e362652f08dcd477c78bb6e7bd9d80a7995bc73ce773050228a348ce2e5bb", size = 1006223 },
]

[[package]]
name = "wcwidth"
version = "0.6.0"
source = { registry = "https://pypi.org/simple" }
sdist = { url = "https://files.pythonhosted.org/packages/35/a2/8e3becb46433538a38726c948d3399905a4c7cabd0df578ede5dc51f0ec2/wcwidth-0.6.0.tar.gz", hash = "sha256:cdc4e4262d6ef9a1a57e018384cbeb1208d8abbc64176027e2c2455c81313159", size = 159684 }
wheels = [
    { url = "https://files.pythonhosted.org/packages/68/5a/199c59e0a824a3db2b89c5d2dade7ab5f9624dbf6448dc291b46d5ec94d3/wcwidth-0.6.0-py3-none-any.whl", hash = "sha256:1a3a1e510b553315f8e146c54764f4fb6264ffad731b3d78088cdb1478ffbdad", size = 94189 },
]
